// !$*UTF8*$!
{
	archiveVersion = 1;
	classes = {
	};
	objectVersion = 56;
	objects = {

/* Begin PBXBuildFile section */
		4BB1DF0629135627008E7750 /* AppDelegate.swift in Sources */ = {isa = PBXBuildFile; fileRef = 4BB1DF0529135627008E7750 /* AppDelegate.swift */; };
		4BB1DF0829135627008E7750 /* SceneDelegate.swift in Sources */ = {isa = PBXBuildFile; fileRef = 4BB1DF0729135627008E7750 /* SceneDelegate.swift */; };
		4BB1DF0A29135627008E7750 /* ViewController.swift in Sources */ = {isa = PBXBuildFile; fileRef = 4BB1DF0929135627008E7750 /* ViewController.swift */; };
		4BB1DF0D29135627008E7750 /* Main.storyboard in Resources */ = {isa = PBXBuildFile; fileRef = 4BB1DF0B29135627008E7750 /* Main.storyboard */; };
		4BB1DF0F29135627008E7750 /* Assets.xcassets in Resources */ = {isa = PBXBuildFile; fileRef = 4BB1DF0E29135627008E7750 /* Assets.xcassets */; };
		4BB1DF1229135627008E7750 /* LaunchScreen.storyboard in Resources */ = {isa = PBXBuildFile; fileRef = 4BB1DF1029135627008E7750 /* LaunchScreen.storyboard */; };
		4BB1DF1B2913563D008E7750 /* SnapKit in Frameworks */ = {isa = PBXBuildFile; productRef = 4BB1DF1A2913563D008E7750 /* SnapKit */; };
		4BB1DF1E29135655008E7750 /* Then in Frameworks */ = {isa = PBXBuildFile; productRef = 4BB1DF1D29135655008E7750 /* Then */; };
		4BB1DF2129135660008E7750 /* Moya in Frameworks */ = {isa = PBXBuildFile; productRef = 4BB1DF2029135660008E7750 /* Moya */; };
		4BB1DF25291359DA008E7750 /* UserClient.swift in Sources */ = {isa = PBXBuildFile; fileRef = 4BB1DF24291359DA008E7750 /* UserClient.swift */; };
		4BB1DF2929135AAF008E7750 /* Header.swift in Sources */ = {isa = PBXBuildFile; fileRef = 4BB1DF2829135AAF008E7750 /* Header.swift */; };
		4BB1DF2F29135EDA008E7750 /* MoyaLogPlugin.swift in Sources */ = {isa = PBXBuildFile; fileRef = 4BB1DF2E29135EDA008E7750 /* MoyaLogPlugin.swift */; };
		4BB1DF3129136241008E7750 /* LoginView.swift in Sources */ = {isa = PBXBuildFile; fileRef = 4BB1DF3029136241008E7750 /* LoginView.swift */; };
		4BB1DF3A291365B9008E7750 /* AuthTextField.swift in Sources */ = {isa = PBXBuildFile; fileRef = 4BB1DF39291365B9008E7750 /* AuthTextField.swift */; };
/* End PBXBuildFile section */

/* Begin PBXFileReference section */
		4BB1DF0229135627008E7750 /* Attendance.app */ = {isa = PBXFileReference; explicitFileType = wrapper.application; includeInIndex = 0; path = Attendance.app; sourceTree = BUILT_PRODUCTS_DIR; };
		4BB1DF0529135627008E7750 /* AppDelegate.swift */ = {isa = PBXFileReference; lastKnownFileType = sourcecode.swift; path = AppDelegate.swift; sourceTree = "<group>"; };
		4BB1DF0729135627008E7750 /* SceneDelegate.swift */ = {isa = PBXFileReference; lastKnownFileType = sourcecode.swift; path = SceneDelegate.swift; sourceTree = "<group>"; };
		4BB1DF0929135627008E7750 /* ViewController.swift */ = {isa = PBXFileReference; lastKnownFileType = sourcecode.swift; path = ViewController.swift; sourceTree = "<group>"; };
		4BB1DF0C29135627008E7750 /* Base */ = {isa = PBXFileReference; lastKnownFileType = file.storyboard; name = Base; path = Base.lproj/Main.storyboard; sourceTree = "<group>"; };
		4BB1DF0E29135627008E7750 /* Assets.xcassets */ = {isa = PBXFileReference; lastKnownFileType = folder.assetcatalog; path = Assets.xcassets; sourceTree = "<group>"; };
		4BB1DF1129135627008E7750 /* Base */ = {isa = PBXFileReference; lastKnownFileType = file.storyboard; name = Base; path = Base.lproj/LaunchScreen.storyboard; sourceTree = "<group>"; };
		4BB1DF1329135627008E7750 /* Info.plist */ = {isa = PBXFileReference; lastKnownFileType = text.plist.xml; path = Info.plist; sourceTree = "<group>"; };
		4BB1DF24291359DA008E7750 /* UserClient.swift */ = {isa = PBXFileReference; lastKnownFileType = sourcecode.swift; path = UserClient.swift; sourceTree = "<group>"; };
		4BB1DF2829135AAF008E7750 /* Header.swift */ = {isa = PBXFileReference; lastKnownFileType = sourcecode.swift; path = Header.swift; sourceTree = "<group>"; };
		4BB1DF2E29135EDA008E7750 /* MoyaLogPlugin.swift */ = {isa = PBXFileReference; lastKnownFileType = sourcecode.swift; path = MoyaLogPlugin.swift; sourceTree = "<group>"; };
		4BB1DF3029136241008E7750 /* LoginView.swift */ = {isa = PBXFileReference; lastKnownFileType = sourcecode.swift; path = LoginView.swift; sourceTree = "<group>"; };
		4BB1DF39291365B9008E7750 /* AuthTextField.swift */ = {isa = PBXFileReference; lastKnownFileType = sourcecode.swift; path = AuthTextField.swift; sourceTree = "<group>"; };
/* End PBXFileReference section */

/* Begin PBXFrameworksBuildPhase section */
		4BB1DEFF29135627008E7750 /* Frameworks */ = {
			isa = PBXFrameworksBuildPhase;
			buildActionMask = 2147483647;
			files = (
				4BB1DF1B2913563D008E7750 /* SnapKit in Frameworks */,
				4BB1DF1E29135655008E7750 /* Then in Frameworks */,
				4BB1DF2129135660008E7750 /* Moya in Frameworks */,
			);
			runOnlyForDeploymentPostprocessing = 0;
		};
/* End PBXFrameworksBuildPhase section */

/* Begin PBXGroup section */
		4BB1DEF929135627008E7750 = {
			isa = PBXGroup;
			children = (
				4BB1DF0429135627008E7750 /* Attendance */,
				4BB1DF0329135627008E7750 /* Products */,
			);
			sourceTree = "<group>";
		};
		4BB1DF0329135627008E7750 /* Products */ = {
			isa = PBXGroup;
			children = (
				4BB1DF0229135627008E7750 /* Attendance.app */,
			);
			name = Products;
			sourceTree = "<group>";
		};
		4BB1DF0429135627008E7750 /* Attendance */ = {
			isa = PBXGroup;
			children = (
				4BB1DF2A29135CC4008E7750 /* View */,
				4BB1DF222913594F008E7750 /* Network */,
				4BB1DF0529135627008E7750 /* AppDelegate.swift */,
				4BB1DF0729135627008E7750 /* SceneDelegate.swift */,
				4BB1DF0929135627008E7750 /* ViewController.swift */,
				4BB1DF0B29135627008E7750 /* Main.storyboard */,
				4BB1DF0E29135627008E7750 /* Assets.xcassets */,
				4BB1DF1029135627008E7750 /* LaunchScreen.storyboard */,
				4BB1DF1329135627008E7750 /* Info.plist */,
			);
			path = Attendance;
			sourceTree = "<group>";
		};
		4BB1DF222913594F008E7750 /* Network */ = {
			isa = PBXGroup;
			children = (
				4BB1DF2C29135EC6008E7750 /* Plugin */,
				4BB1DF2629135A9F008E7750 /* Header */,
				4BB1DF24291359DA008E7750 /* UserClient.swift */,
			);
			path = Network;
			sourceTree = "<group>";
		};
		4BB1DF2629135A9F008E7750 /* Header */ = {
			isa = PBXGroup;
			children = (
				4BB1DF2829135AAF008E7750 /* Header.swift */,
			);
			path = Header;
			sourceTree = "<group>";
		};
		4BB1DF2A29135CC4008E7750 /* View */ = {
			isa = PBXGroup;
			children = (
				4BB1DF2B29135CCA008E7750 /* SwiftUI */,
			);
			path = View;
			sourceTree = "<group>";
		};
		4BB1DF2B29135CCA008E7750 /* SwiftUI */ = {
			isa = PBXGroup;
			children = (
				4BB1DF332913656F008E7750 /* Component */,
				4BB1DF322913655F008E7750 /* Scene */,
			);
			path = SwiftUI;
			sourceTree = "<group>";
		};
		4BB1DF2C29135EC6008E7750 /* Plugin */ = {
			isa = PBXGroup;
			children = (
				4BB1DF2E29135EDA008E7750 /* MoyaLogPlugin.swift */,
			);
			path = Plugin;
			sourceTree = "<group>";
		};
		4BB1DF322913655F008E7750 /* Scene */ = {
			isa = PBXGroup;
			children = (
				4BB1DF342913657C008E7750 /* Login */,
			);
			path = Scene;
			sourceTree = "<group>";
		};
		4BB1DF332913656F008E7750 /* Component */ = {
			isa = PBXGroup;
			children = (
				4BB1DF3729136592008E7750 /* Auth */,
			);
			path = Component;
			sourceTree = "<group>";
		};
		4BB1DF342913657C008E7750 /* Login */ = {
			isa = PBXGroup;
			children = (
				4BB1DF3629136582008E7750 /* ViewModel */,
				4BB1DF352913657F008E7750 /* View */,
			);
			path = Login;
			sourceTree = "<group>";
		};
		4BB1DF352913657F008E7750 /* View */ = {
			isa = PBXGroup;
			children = (
				4BB1DF3029136241008E7750 /* LoginView.swift */,
			);
			path = View;
			sourceTree = "<group>";
		};
		4BB1DF3629136582008E7750 /* ViewModel */ = {
			isa = PBXGroup;
			children = (
			);
			path = ViewModel;
			sourceTree = "<group>";
		};
		4BB1DF3729136592008E7750 /* Auth */ = {
			isa = PBXGroup;
			children = (
				4BB1DF39291365B9008E7750 /* AuthTextField.swift */,
			);
			path = Auth;
			sourceTree = "<group>";
		};
/* End PBXGroup section */

/* Begin PBXNativeTarget section */
		4BB1DF0129135627008E7750 /* Attendance */ = {
			isa = PBXNativeTarget;
			buildConfigurationList = 4BB1DF1629135627008E7750 /* Build configuration list for PBXNativeTarget "Attendance" */;
			buildPhases = (
				4BB1DEFE29135627008E7750 /* Sources */,
				4BB1DEFF29135627008E7750 /* Frameworks */,
				4BB1DF0029135627008E7750 /* Resources */,
			);
			buildRules = (
			);
			dependencies = (
			);
			name = Attendance;
			packageProductDependencies = (
				4BB1DF1A2913563D008E7750 /* SnapKit */,
				4BB1DF1D29135655008E7750 /* Then */,
				4BB1DF2029135660008E7750 /* Moya */,
			);
			productName = Attendance;
			productReference = 4BB1DF0229135627008E7750 /* Attendance.app */;
			productType = "com.apple.product-type.application";
		};
/* End PBXNativeTarget section */

/* Begin PBXProject section */
		4BB1DEFA29135627008E7750 /* Project object */ = {
			isa = PBXProject;
			attributes = {
				BuildIndependentTargetsInParallel = 1;
				LastSwiftUpdateCheck = 1400;
				LastUpgradeCheck = 1400;
				TargetAttributes = {
					4BB1DF0129135627008E7750 = {
						CreatedOnToolsVersion = 14.0.1;
					};
				};
			};
			buildConfigurationList = 4BB1DEFD29135627008E7750 /* Build configuration list for PBXProject "Attendance" */;
			compatibilityVersion = "Xcode 14.0";
			developmentRegion = en;
			hasScannedForEncodings = 0;
			knownRegions = (
				en,
				Base,
			);
			mainGroup = 4BB1DEF929135627008E7750;
			packageReferences = (
				4BB1DF192913563D008E7750 /* XCRemoteSwiftPackageReference "SnapKit" */,
				4BB1DF1C29135655008E7750 /* XCRemoteSwiftPackageReference "Then" */,
				4BB1DF1F29135660008E7750 /* XCRemoteSwiftPackageReference "Moya" */,
			);
			productRefGroup = 4BB1DF0329135627008E7750 /* Products */;
			projectDirPath = "";
			projectRoot = "";
			targets = (
				4BB1DF0129135627008E7750 /* Attendance */,
			);
		};
/* End PBXProject section */

/* Begin PBXResourcesBuildPhase section */
		4BB1DF0029135627008E7750 /* Resources */ = {
			isa = PBXResourcesBuildPhase;
			buildActionMask = 2147483647;
			files = (
				4BB1DF1229135627008E7750 /* LaunchScreen.storyboard in Resources */,
				4BB1DF0F29135627008E7750 /* Assets.xcassets in Resources */,
				4BB1DF0D29135627008E7750 /* Main.storyboard in Resources */,
			);
			runOnlyForDeploymentPostprocessing = 0;
		};
/* End PBXResourcesBuildPhase section */

/* Begin PBXSourcesBuildPhase section */
		4BB1DEFE29135627008E7750 /* Sources */ = {
			isa = PBXSourcesBuildPhase;
			buildActionMask = 2147483647;
			files = (
				4BB1DF2929135AAF008E7750 /* Header.swift in Sources */,
				4BB1DF3A291365B9008E7750 /* AuthTextField.swift in Sources */,
				4BB1DF3129136241008E7750 /* LoginView.swift in Sources */,
				4BB1DF2F29135EDA008E7750 /* MoyaLogPlugin.swift in Sources */,
				4BB1DF0A29135627008E7750 /* ViewController.swift in Sources */,
				4BB1DF25291359DA008E7750 /* UserClient.swift in Sources */,
				4BB1DF0629135627008E7750 /* AppDelegate.swift in Sources */,
				4BB1DF0829135627008E7750 /* SceneDelegate.swift in Sources */,
			);
			runOnlyForDeploymentPostprocessing = 0;
		};
/* End PBXSourcesBuildPhase section */

/* Begin PBXVariantGroup section */
		4BB1DF0B29135627008E7750 /* Main.storyboard */ = {
			isa = PBXVariantGroup;
			children = (
				4BB1DF0C29135627008E7750 /* Base */,
			);
			name = Main.storyboard;
			sourceTree = "<group>";
		};
		4BB1DF1029135627008E7750 /* LaunchScreen.storyboard */ = {
			isa = PBXVariantGroup;
			children = (
				4BB1DF1129135627008E7750 /* Base */,
			);
			name = LaunchScreen.storyboard;
			sourceTree = "<group>";
		};
/* End PBXVariantGroup section */

/* Begin XCBuildConfiguration section */
		4BB1DF1429135627008E7750 /* Debug */ = {
			isa = XCBuildConfiguration;
			buildSettings = {
				ALWAYS_SEARCH_USER_PATHS = NO;
				CLANG_ANALYZER_NONNULL = YES;
				CLANG_ANALYZER_NUMBER_OBJECT_CONVERSION = YES_AGGRESSIVE;
				CLANG_CXX_LANGUAGE_STANDARD = "gnu++20";
				CLANG_ENABLE_MODULES = YES;
				CLANG_ENABLE_OBJC_ARC = YES;
				CLANG_ENABLE_OBJC_WEAK = YES;
				CLANG_WARN_BLOCK_CAPTURE_AUTORELEASING = YES;
				CLANG_WARN_BOOL_CONVERSION = YES;
				CLANG_WARN_COMMA = YES;
				CLANG_WARN_CONSTANT_CONVERSION = YES;
				CLANG_WARN_DEPRECATED_OBJC_IMPLEMENTATIONS = YES;
				CLANG_WARN_DIRECT_OBJC_ISA_USAGE = YES_ERROR;
				CLANG_WARN_DOCUMENTATION_COMMENTS = YES;
				CLANG_WARN_EMPTY_BODY = YES;
				CLANG_WARN_ENUM_CONVERSION = YES;
				CLANG_WARN_INFINITE_RECURSION = YES;
				CLANG_WARN_INT_CONVERSION = YES;
				CLANG_WARN_NON_LITERAL_NULL_CONVERSION = YES;
				CLANG_WARN_OBJC_IMPLICIT_RETAIN_SELF = YES;
				CLANG_WARN_OBJC_LITERAL_CONVERSION = YES;
				CLANG_WARN_OBJC_ROOT_CLASS = YES_ERROR;
				CLANG_WARN_QUOTED_INCLUDE_IN_FRAMEWORK_HEADER = YES;
				CLANG_WARN_RANGE_LOOP_ANALYSIS = YES;
				CLANG_WARN_STRICT_PROTOTYPES = YES;
				CLANG_WARN_SUSPICIOUS_MOVE = YES;
				CLANG_WARN_UNGUARDED_AVAILABILITY = YES_AGGRESSIVE;
				CLANG_WARN_UNREACHABLE_CODE = YES;
				CLANG_WARN__DUPLICATE_METHOD_MATCH = YES;
				COPY_PHASE_STRIP = NO;
				DEBUG_INFORMATION_FORMAT = dwarf;
				ENABLE_STRICT_OBJC_MSGSEND = YES;
				ENABLE_TESTABILITY = YES;
				GCC_C_LANGUAGE_STANDARD = gnu11;
				GCC_DYNAMIC_NO_PIC = NO;
				GCC_NO_COMMON_BLOCKS = YES;
				GCC_OPTIMIZATION_LEVEL = 0;
				GCC_PREPROCESSOR_DEFINITIONS = (
					"DEBUG=1",
					"$(inherited)",
				);
				GCC_WARN_64_TO_32_BIT_CONVERSION = YES;
				GCC_WARN_ABOUT_RETURN_TYPE = YES_ERROR;
				GCC_WARN_UNDECLARED_SELECTOR = YES;
				GCC_WARN_UNINITIALIZED_AUTOS = YES_AGGRESSIVE;
				GCC_WARN_UNUSED_FUNCTION = YES;
				GCC_WARN_UNUSED_VARIABLE = YES;
				IPHONEOS_DEPLOYMENT_TARGET = 16.0;
				MTL_ENABLE_DEBUG_INFO = INCLUDE_SOURCE;
				MTL_FAST_MATH = YES;
				ONLY_ACTIVE_ARCH = YES;
				SDKROOT = iphoneos;
				SWIFT_ACTIVE_COMPILATION_CONDITIONS = DEBUG;
				SWIFT_OPTIMIZATION_LEVEL = "-Onone";
			};
			name = Debug;
		};
		4BB1DF1529135627008E7750 /* Release */ = {
			isa = XCBuildConfiguration;
			buildSettings = {
				ALWAYS_SEARCH_USER_PATHS = NO;
				CLANG_ANALYZER_NONNULL = YES;
				CLANG_ANALYZER_NUMBER_OBJECT_CONVERSION = YES_AGGRESSIVE;
				CLANG_CXX_LANGUAGE_STANDARD = "gnu++20";
				CLANG_ENABLE_MODULES = YES;
				CLANG_ENABLE_OBJC_ARC = YES;
				CLANG_ENABLE_OBJC_WEAK = YES;
				CLANG_WARN_BLOCK_CAPTURE_AUTORELEASING = YES;
				CLANG_WARN_BOOL_CONVERSION = YES;
				CLANG_WARN_COMMA = YES;
				CLANG_WARN_CONSTANT_CONVERSION = YES;
				CLANG_WARN_DEPRECATED_OBJC_IMPLEMENTATIONS = YES;
				CLANG_WARN_DIRECT_OBJC_ISA_USAGE = YES_ERROR;
				CLANG_WARN_DOCUMENTATION_COMMENTS = YES;
				CLANG_WARN_EMPTY_BODY = YES;
				CLANG_WARN_ENUM_CONVERSION = YES;
				CLANG_WARN_INFINITE_RECURSION = YES;
				CLANG_WARN_INT_CONVERSION = YES;
				CLANG_WARN_NON_LITERAL_NULL_CONVERSION = YES;
				CLANG_WARN_OBJC_IMPLICIT_RETAIN_SELF = YES;
				CLANG_WARN_OBJC_LITERAL_CONVERSION = YES;
				CLANG_WARN_OBJC_ROOT_CLASS = YES_ERROR;
				CLANG_WARN_QUOTED_INCLUDE_IN_FRAMEWORK_HEADER = YES;
				CLANG_WARN_RANGE_LOOP_ANALYSIS = YES;
				CLANG_WARN_STRICT_PROTOTYPES = YES;
				CLANG_WARN_SUSPICIOUS_MOVE = YES;
				CLANG_WARN_UNGUARDED_AVAILABILITY = YES_AGGRESSIVE;
				CLANG_WARN_UNREACHABLE_CODE = YES;
				CLANG_WARN__DUPLICATE_METHOD_MATCH = YES;
				COPY_PHASE_STRIP = NO;
				DEBUG_INFORMATION_FORMAT = "dwarf-with-dsym";
				ENABLE_NS_ASSERTIONS = NO;
				ENABLE_STRICT_OBJC_MSGSEND = YES;
				GCC_C_LANGUAGE_STANDARD = gnu11;
				GCC_NO_COMMON_BLOCKS = YES;
				GCC_WARN_64_TO_32_BIT_CONVERSION = YES;
				GCC_WARN_ABOUT_RETURN_TYPE = YES_ERROR;
				GCC_WARN_UNDECLARED_SELECTOR = YES;
				GCC_WARN_UNINITIALIZED_AUTOS = YES_AGGRESSIVE;
				GCC_WARN_UNUSED_FUNCTION = YES;
				GCC_WARN_UNUSED_VARIABLE = YES;
				IPHONEOS_DEPLOYMENT_TARGET = 16.0;
				MTL_ENABLE_DEBUG_INFO = NO;
				MTL_FAST_MATH = YES;
				SDKROOT = iphoneos;
				SWIFT_COMPILATION_MODE = wholemodule;
				SWIFT_OPTIMIZATION_LEVEL = "-O";
				VALIDATE_PRODUCT = YES;
			};
			name = Release;
		};
		4BB1DF1729135627008E7750 /* Debug */ = {
			isa = XCBuildConfiguration;
			buildSettings = {
				ASSETCATALOG_COMPILER_APPICON_NAME = AppIcon;
				ASSETCATALOG_COMPILER_GLOBAL_ACCENT_COLOR_NAME = AccentColor;
				CODE_SIGN_STYLE = Automatic;
				CURRENT_PROJECT_VERSION = 1;
				DEVELOPMENT_TEAM = 629Q9H7922;
				GENERATE_INFOPLIST_FILE = YES;
				INFOPLIST_FILE = Attendance/Info.plist;
				INFOPLIST_KEY_UIApplicationSupportsIndirectInputEvents = YES;
				INFOPLIST_KEY_UILaunchStoryboardName = LaunchScreen;
				INFOPLIST_KEY_UIMainStoryboardFile = Main;
				INFOPLIST_KEY_UISupportedInterfaceOrientations_iPad = "UIInterfaceOrientationPortrait UIInterfaceOrientationPortraitUpsideDown UIInterfaceOrientationLandscapeLeft UIInterfaceOrientationLandscapeRight";
				INFOPLIST_KEY_UISupportedInterfaceOrientations_iPhone = "UIInterfaceOrientationPortrait UIInterfaceOrientationLandscapeLeft UIInterfaceOrientationLandscapeRight";
				LD_RUNPATH_SEARCH_PATHS = (
					"$(inherited)",
					"@executable_path/Frameworks",
				);
				MARKETING_VERSION = 1.0;
				PRODUCT_BUNDLE_IDENTIFIER = "hacathon-app.Attendance";
				PRODUCT_NAME = "$(TARGET_NAME)";
				SWIFT_EMIT_LOC_STRINGS = YES;
				SWIFT_VERSION = 5.0;
				TARGETED_DEVICE_FAMILY = "1,2";
			};
			name = Debug;
		};
		4BB1DF1829135627008E7750 /* Release */ = {
			isa = XCBuildConfiguration;
			buildSettings = {
				ASSETCATALOG_COMPILER_APPICON_NAME = AppIcon;
				ASSETCATALOG_COMPILER_GLOBAL_ACCENT_COLOR_NAME = AccentColor;
				CODE_SIGN_STYLE = Automatic;
				CURRENT_PROJECT_VERSION = 1;
				DEVELOPMENT_TEAM = 629Q9H7922;
				GENERATE_INFOPLIST_FILE = YES;
				INFOPLIST_FILE = Attendance/Info.plist;
				INFOPLIST_KEY_UIApplicationSupportsIndirectInputEvents = YES;
				INFOPLIST_KEY_UILaunchStoryboardName = LaunchScreen;
				INFOPLIST_KEY_UIMainStoryboardFile = Main;
				INFOPLIST_KEY_UISupportedInterfaceOrientations_iPad = "UIInterfaceOrientationPortrait UIInterfaceOrientationPortraitUpsideDown UIInterfaceOrientationLandscapeLeft UIInterfaceOrientationLandscapeRight";
				INFOPLIST_KEY_UISupportedInterfaceOrientations_iPhone = "UIInterfaceOrientationPortrait UIInterfaceOrientationLandscapeLeft UIInterfaceOrientationLandscapeRight";
				LD_RUNPATH_SEARCH_PATHS = (
					"$(inherited)",
					"@executable_path/Frameworks",
				);
				MARKETING_VERSION = 1.0;
				PRODUCT_BUNDLE_IDENTIFIER = "hacathon-app.Attendance";
				PRODUCT_NAME = "$(TARGET_NAME)";
				SWIFT_EMIT_LOC_STRINGS = YES;
				SWIFT_VERSION = 5.0;
				TARGETED_DEVICE_FAMILY = "1,2";
			};
			name = Release;
		};
/* End XCBuildConfiguration section */

/* Begin XCConfigurationList section */
		4BB1DEFD29135627008E7750 /* Build configuration list for PBXProject "Attendance" */ = {
			isa = XCConfigurationList;
			buildConfigurations = (
				4BB1DF1429135627008E7750 /* Debug */,
				4BB1DF1529135627008E7750 /* Release */,
			);
			defaultConfigurationIsVisible = 0;
			defaultConfigurationName = Release;
		};
		4BB1DF1629135627008E7750 /* Build configuration list for PBXNativeTarget "Attendance" */ = {
			isa = XCConfigurationList;
			buildConfigurations = (
				4BB1DF1729135627008E7750 /* Debug */,
				4BB1DF1829135627008E7750 /* Release */,
			);
			defaultConfigurationIsVisible = 0;
			defaultConfigurationName = Release;
		};
/* End XCConfigurationList section */

/* Begin XCRemoteSwiftPackageReference section */
		4BB1DF192913563D008E7750 /* XCRemoteSwiftPackageReference "SnapKit" */ = {
			isa = XCRemoteSwiftPackageReference;
			repositoryURL = "https://github.com/SnapKit/SnapKit";
			requirement = {
				branch = develop;
				kind = branch;
			};
		};
		4BB1DF1C29135655008E7750 /* XCRemoteSwiftPackageReference "Then" */ = {
			isa = XCRemoteSwiftPackageReference;
			repositoryURL = "https://github.com/devxoul/Then";
			requirement = {
				branch = master;
				kind = branch;
			};
		};
		4BB1DF1F29135660008E7750 /* XCRemoteSwiftPackageReference "Moya" */ = {
			isa = XCRemoteSwiftPackageReference;
			repositoryURL = "https://github.com/Moya/Moya";
			requirement = {
				branch = master;
				kind = branch;
			};
		};
/* End XCRemoteSwiftPackageReference section */

/* Begin XCSwiftPackageProductDependency section */
		4BB1DF1A2913563D008E7750 /* SnapKit */ = {
			isa = XCSwiftPackageProductDependency;
			package = 4BB1DF192913563D008E7750 /* XCRemoteSwiftPackageReference "SnapKit" */;
			productName = SnapKit;
		};
		4BB1DF1D29135655008E7750 /* Then */ = {
			isa = XCSwiftPackageProductDependency;
			package = 4BB1DF1C29135655008E7750 /* XCRemoteSwiftPackageReference "Then" */;
			productName = Then;
		};
		4BB1DF2029135660008E7750 /* Moya */ = {
			isa = XCSwiftPackageProductDependency;
			package = 4BB1DF1F29135660008E7750 /* XCRemoteSwiftPackageReference "Moya" */;
			productName = Moya;
		};
/* End XCSwiftPackageProductDependency section */
	};
	rootObject = 4BB1DEFA29135627008E7750 /* Project object */;
}
